{
  "version": 4,
  "terraform_version": "1.8.0",
  "serial": 4,
  "lineage": "5bca00f1-5e60-f370-ad55-e43ec3254335",
  "outputs": {},
  "resources": [
    {
      "mode": "data",
      "type": "http",
      "name": "chuck_norris_joke",
      "provider": "provider[\"registry.terraform.io/hashicorp/http\"]",
      "instances": [
        {
          "schema_version": 0,
          "attributes": {
            "body": "{\"categories\":[],\"created_at\":\"2020-01-05 13:42:21.179347\",\"icon_url\":\"https://assets.chucknorris.host/img/avatar/chuck-norris.png\",\"id\":\"5ctRmvZHS9y5n08PNBQM5A\",\"updated_at\":\"2020-01-05 13:42:21.179347\",\"url\":\"https://api.chucknorris.io/jokes/5ctRmvZHS9y5n08PNBQM5A\",\"value\":\"Steven Seagal crossed the road because Chuck Norris stuffed Seagal's head up a chicken's ass.\"}",
            "ca_cert_pem": null,
            "id": "https://api.chucknorris.io/jokes/random",
            "insecure": null,
            "method": null,
            "request_body": null,
            "request_headers": null,
            "request_timeout_ms": null,
            "response_body": "{\"categories\":[],\"created_at\":\"2020-01-05 13:42:21.179347\",\"icon_url\":\"https://assets.chucknorris.host/img/avatar/chuck-norris.png\",\"id\":\"5ctRmvZHS9y5n08PNBQM5A\",\"updated_at\":\"2020-01-05 13:42:21.179347\",\"url\":\"https://api.chucknorris.io/jokes/5ctRmvZHS9y5n08PNBQM5A\",\"value\":\"Steven Seagal crossed the road because Chuck Norris stuffed Seagal's head up a chicken's ass.\"}",
            "response_body_base64": "eyJjYXRlZ29yaWVzIjpbXSwiY3JlYXRlZF9hdCI6IjIwMjAtMDEtMDUgMTM6NDI6MjEuMTc5MzQ3IiwiaWNvbl91cmwiOiJodHRwczovL2Fzc2V0cy5jaHVja25vcnJpcy5ob3N0L2ltZy9hdmF0YXIvY2h1Y2stbm9ycmlzLnBuZyIsImlkIjoiNWN0Um12WkhTOXk1bjA4UE5CUU01QSIsInVwZGF0ZWRfYXQiOiIyMDIwLTAxLTA1IDEzOjQyOjIxLjE3OTM0NyIsInVybCI6Imh0dHBzOi8vYXBpLmNodWNrbm9ycmlzLmlvL2pva2VzLzVjdFJtdlpIUzl5NW4wOFBOQlFNNUEiLCJ2YWx1ZSI6IlN0ZXZlbiBTZWFnYWwgY3Jvc3NlZCB0aGUgcm9hZCBiZWNhdXNlIENodWNrIE5vcnJpcyBzdHVmZmVkIFNlYWdhbCdzIGhlYWQgdXAgYSBjaGlja2VuJ3MgYXNzLiJ9",
            "response_headers": {
              "Alt-Svc": "h3=\":443\"; ma=86400",
              "Cf-Cache-Status": "DYNAMIC",
              "Cf-Ray": "874c6688a9a23835-FRA",
              "Content-Type": "application/json;charset=UTF-8",
              "Date": "Mon, 15 Apr 2024 13:49:43 GMT",
              "Nel": "{\"report_to\":\"heroku-nel\",\"max_age\":3600,\"success_fraction\":0.005,\"failure_fraction\":0.05,\"response_headers\":[\"Via\"]}",
              "Report-To": "{\"group\":\"heroku-nel\",\"max_age\":3600,\"endpoints\":[{\"url\":\"https://nel.heroku.com/reports?ts=1713188983\u0026sid=812dcc77-0bd0-43b1-a5f1-b25750382959\u0026s=ccBGg8L8tjeM7xZSBHmWUyH7vK3JbO1akvuMlBvNw%2B4%3D\"}]}",
              "Reporting-Endpoints": "heroku-nel=https://nel.heroku.com/reports?ts=1713188983\u0026sid=812dcc77-0bd0-43b1-a5f1-b25750382959\u0026s=ccBGg8L8tjeM7xZSBHmWUyH7vK3JbO1akvuMlBvNw%2B4%3D",
              "Server": "cloudflare",
              "Via": "1.1 vegur"
            },
            "retry": null,
            "status_code": 200,
            "url": "https://api.chucknorris.io/jokes/random"
          },
          "sensitive_attributes": []
        }
      ]
    },
    {
      "mode": "managed",
      "type": "local_file",
      "name": "chuck_norris_joke",
      "provider": "provider[\"registry.terraform.io/hashicorp/local\"]",
      "instances": [
        {
          "schema_version": 0,
          "attributes": {
            "content": "{\"categories\":[],\"created_at\":\"2020-01-05 13:42:21.179347\",\"icon_url\":\"https://assets.chucknorris.host/img/avatar/chuck-norris.png\",\"id\":\"5ctRmvZHS9y5n08PNBQM5A\",\"updated_at\":\"2020-01-05 13:42:21.179347\",\"url\":\"https://api.chucknorris.io/jokes/5ctRmvZHS9y5n08PNBQM5A\",\"value\":\"Steven Seagal crossed the road because Chuck Norris stuffed Seagal's head up a chicken's ass.\"}",
            "content_base64": null,
            "content_base64sha256": "Eyl5OB5anO5R81HfDejGgg8t1oPuGr/LWbIX/NYOjU4=",
            "content_base64sha512": "Hw/saIRTxcSQY+SLn5VZlBFaAkuwl0eeh1lK3y1yObp/P89HRcrfcKSQw9/5WT+2ZpBNXBgRvWewGrO93TQnmg==",
            "content_md5": "37f7a74f4a048b50f1512f136041cee9",
            "content_sha1": "cb6e82a06ceb362576f1c8be8e4b6477f2d45fe1",
            "content_sha256": "132979381e5a9cee51f351df0de8c6820f2dd683ee1abfcb59b217fcd60e8d4e",
            "content_sha512": "1f0fec688453c5c49063e48b9f955994115a024bb097479e87594adf2d7239ba7f3fcf4745cadf70a490c3dff9593fb666904d5c1811bd67b01ab3bddd34279a",
            "directory_permission": "0777",
            "file_permission": "0777",
            "filename": "./chuck_norris_joke.txt",
            "id": "cb6e82a06ceb362576f1c8be8e4b6477f2d45fe1",
            "sensitive_content": null,
            "source": null
          },
          "sensitive_attributes": [
            [
              {
                "type": "get_attr",
                "value": "sensitive_content"
              }
            ]
          ],
          "dependencies": [
            "data.http.chuck_norris_joke"
          ]
        }
      ]
    }
  ],
  "check_results": null
}
