{
  "version": 4,
  "terraform_version": "1.8.0",
  "serial": 7,
  "lineage": "5bca00f1-5e60-f370-ad55-e43ec3254335",
  "outputs": {},
  "resources": [
    {
      "mode": "data",
      "type": "http",
      "name": "chuck_norris_joke",
      "provider": "provider[\"registry.terraform.io/hashicorp/http\"]",
      "instances": [
        {
          "schema_version": 0,
          "attributes": {
            "body": "{\"categories\":[],\"created_at\":\"2020-01-05 13:42:29.569033\",\"icon_url\":\"https://assets.chucknorris.host/img/avatar/chuck-norris.png\",\"id\":\"va621CIHQV6BRP-9744REg\",\"updated_at\":\"2020-01-05 13:42:29.569033\",\"url\":\"https://api.chucknorris.io/jokes/va621CIHQV6BRP-9744REg\",\"value\":\"Chuck Norris will find you if you don't like this joke.\"}",
            "ca_cert_pem": null,
            "id": "https://api.chucknorris.io/jokes/random",
            "insecure": null,
            "method": null,
            "request_body": null,
            "request_headers": null,
            "request_timeout_ms": null,
            "response_body": "{\"categories\":[],\"created_at\":\"2020-01-05 13:42:29.569033\",\"icon_url\":\"https://assets.chucknorris.host/img/avatar/chuck-norris.png\",\"id\":\"va621CIHQV6BRP-9744REg\",\"updated_at\":\"2020-01-05 13:42:29.569033\",\"url\":\"https://api.chucknorris.io/jokes/va621CIHQV6BRP-9744REg\",\"value\":\"Chuck Norris will find you if you don't like this joke.\"}",
            "response_body_base64": "eyJjYXRlZ29yaWVzIjpbXSwiY3JlYXRlZF9hdCI6IjIwMjAtMDEtMDUgMTM6NDI6MjkuNTY5MDMzIiwiaWNvbl91cmwiOiJodHRwczovL2Fzc2V0cy5jaHVja25vcnJpcy5ob3N0L2ltZy9hdmF0YXIvY2h1Y2stbm9ycmlzLnBuZyIsImlkIjoidmE2MjFDSUhRVjZCUlAtOTc0NFJFZyIsInVwZGF0ZWRfYXQiOiIyMDIwLTAxLTA1IDEzOjQyOjI5LjU2OTAzMyIsInVybCI6Imh0dHBzOi8vYXBpLmNodWNrbm9ycmlzLmlvL2pva2VzL3ZhNjIxQ0lIUVY2QlJQLTk3NDRSRWciLCJ2YWx1ZSI6IkNodWNrIE5vcnJpcyB3aWxsIGZpbmQgeW91IGlmIHlvdSBkb24ndCBsaWtlIHRoaXMgam9rZS4ifQ==",
            "response_headers": {
              "Alt-Svc": "h3=\":443\"; ma=86400",
              "Cf-Cache-Status": "DYNAMIC",
              "Cf-Ray": "874c67031c5e9b52-FRA",
              "Content-Type": "application/json;charset=UTF-8",
              "Date": "Mon, 15 Apr 2024 13:50:02 GMT",
              "Nel": "{\"report_to\":\"heroku-nel\",\"max_age\":3600,\"success_fraction\":0.005,\"failure_fraction\":0.05,\"response_headers\":[\"Via\"]}",
              "Report-To": "{\"group\":\"heroku-nel\",\"max_age\":3600,\"endpoints\":[{\"url\":\"https://nel.heroku.com/reports?ts=1713189002\u0026sid=812dcc77-0bd0-43b1-a5f1-b25750382959\u0026s=gKdW6c4RvQlhVpI3435aUlHqtc8%2FkOGMdlIMLAOfMVI%3D\"}]}",
              "Reporting-Endpoints": "heroku-nel=https://nel.heroku.com/reports?ts=1713189002\u0026sid=812dcc77-0bd0-43b1-a5f1-b25750382959\u0026s=gKdW6c4RvQlhVpI3435aUlHqtc8%2FkOGMdlIMLAOfMVI%3D",
              "Server": "cloudflare",
              "Via": "1.1 vegur"
            },
            "retry": null,
            "status_code": 200,
            "url": "https://api.chucknorris.io/jokes/random"
          },
          "sensitive_attributes": []
        }
      ]
    },
    {
      "mode": "managed",
      "type": "local_file",
      "name": "chuck_norris_joke",
      "provider": "provider[\"registry.terraform.io/hashicorp/local\"]",
      "instances": [
        {
          "schema_version": 0,
          "attributes": {
            "content": "{\"categories\":[],\"created_at\":\"2020-01-05 13:42:29.569033\",\"icon_url\":\"https://assets.chucknorris.host/img/avatar/chuck-norris.png\",\"id\":\"va621CIHQV6BRP-9744REg\",\"updated_at\":\"2020-01-05 13:42:29.569033\",\"url\":\"https://api.chucknorris.io/jokes/va621CIHQV6BRP-9744REg\",\"value\":\"Chuck Norris will find you if you don't like this joke.\"}",
            "content_base64": null,
            "content_base64sha256": "xo1SJaSlOJXgo0Ezm5a2RAnJ0wUU9IPyDDXw5laQwJA=",
            "content_base64sha512": "OOVcEkurxkR6tG1JdHmPOn2RHKFnjHyt5Yzfln5/rOkWDwafBiCEAZX2LNOzlflXvXS8DrgwC4YFjt7zysV1Ug==",
            "content_md5": "fa1373f9cc082ce4bb620fb53233402a",
            "content_sha1": "e22dabdf238916c1e01416b486fcbf7e86101fe3",
            "content_sha256": "c68d5225a4a53895e0a341339b96b64409c9d30514f483f20c35f0e65690c090",
            "content_sha512": "38e55c124babc6447ab46d4974798f3a7d911ca1678c7cade58cdf967e7face9160f069f0620840195f62cd3b395f957bd74bc0eb8300b86058edef3cac57552",
            "directory_permission": "0777",
            "file_permission": "0777",
            "filename": "./chuck_norris_joke.json",
            "id": "e22dabdf238916c1e01416b486fcbf7e86101fe3",
            "sensitive_content": null,
            "source": null
          },
          "sensitive_attributes": [
            [
              {
                "type": "get_attr",
                "value": "sensitive_content"
              }
            ]
          ],
          "dependencies": [
            "data.http.chuck_norris_joke"
          ]
        }
      ]
    }
  ],
  "check_results": null
}
