{
  "version": 4,
  "terraform_version": "1.8.0",
  "serial": 6,
  "lineage": "9d8b3d66-ff5e-ecf8-862a-f62a2f5543da",
  "outputs": {},
  "resources": [
    {
      "mode": "managed",
      "type": "local_file",
      "name": "color_scheme",
      "provider": "provider[\"registry.terraform.io/hashicorp/local\"]",
      "instances": [
        {
          "schema_version": 0,
          "attributes": {
            "content": "#0a.0d.0d",
            "content_base64": null,
            "content_base64sha256": "B6iicMOSKkqDSHDegz/x29zE6aHGaPlgSjQl0syrr5c=",
            "content_base64sha512": "DxngtteIQBOWuI9xvymtgiS7TDX/V9FjrfoCKu+2S+2L+yvcrMj/zeAQZXxuqmsg9O/t+dMl6k9/+88iQs2QYw==",
            "content_md5": "4718adb46dfc8e3a49d6bc23fe36a036",
            "content_sha1": "5576f31ed388097d17738622efdd340c058e9f4e",
            "content_sha256": "07a8a270c3922a4a834870de833ff1dbdcc4e9a1c668f9604a3425d2ccabaf97",
            "content_sha512": "0f19e0b6d788401396b88f71bf29ad8224bb4c35ff57d163adfa022aefb64bed8bfb2bdcacc8ffcde010657c6eaa6b20f4efedf9d325ea4f7ffbcf2242cd9063",
            "directory_permission": "0777",
            "file_permission": "0777",
            "filename": "./color_scheme.txt",
            "id": "5576f31ed388097d17738622efdd340c058e9f4e",
            "sensitive_content": null,
            "source": null
          },
          "sensitive_attributes": [
            [
              {
                "type": "get_attr",
                "value": "sensitive_content"
              }
            ]
          ],
          "dependencies": [
            "random_integer.blue",
            "random_integer.green",
            "random_integer.red"
          ]
        }
      ]
    },
    {
      "mode": "managed",
      "type": "random_integer",
      "name": "blue",
      "provider": "provider[\"registry.terraform.io/hashicorp/random\"]",
      "instances": [
        {
          "schema_version": 0,
          "attributes": {
            "id": "13",
            "keepers": null,
            "max": 255,
            "min": 0,
            "result": 13,
            "seed": null
          },
          "sensitive_attributes": []
        }
      ]
    },
    {
      "mode": "managed",
      "type": "random_integer",
      "name": "green",
      "provider": "provider[\"registry.terraform.io/hashicorp/random\"]",
      "instances": [
        {
          "schema_version": 0,
          "attributes": {
            "id": "13",
            "keepers": null,
            "max": 255,
            "min": 0,
            "result": 13,
            "seed": null
          },
          "sensitive_attributes": []
        }
      ]
    },
    {
      "mode": "managed",
      "type": "random_integer",
      "name": "red",
      "provider": "provider[\"registry.terraform.io/hashicorp/random\"]",
      "instances": [
        {
          "schema_version": 0,
          "attributes": {
            "id": "10",
            "keepers": null,
            "max": 255,
            "min": 0,
            "result": 10,
            "seed": null
          },
          "sensitive_attributes": []
        }
      ]
    }
  ],
  "check_results": null
}
