{
  "version": 4,
  "terraform_version": "1.8.0",
  "serial": 2,
  "lineage": "cf888dd5-d711-347f-10ea-5d055ce97638",
  "outputs": {
    "number_output": {
      "value": 831,
      "type": "number"
    }
  },
  "resources": [
    {
      "mode": "managed",
      "type": "random_integer",
      "name": "number",
      "provider": "provider[\"registry.terraform.io/hashicorp/random\"]",
      "instances": [
        {
          "schema_version": 0,
          "attributes": {
            "id": "831",
            "keepers": null,
            "max": 1000,
            "min": 1,
            "result": 831,
            "seed": null
          },
          "sensitive_attributes": []
        }
      ]
    }
  ],
  "check_results": null
}
