{
  "version": 4,
  "terraform_version": "1.8.0",
  "serial": 1,
  "lineage": "115628bc-c89d-ec2a-b439-9518f6a7bef2",
  "outputs": {},
  "resources": [
    {
      "mode": "data",
      "type": "template_file",
      "name": "config",
      "provider": "provider[\"registry.terraform.io/hashicorp/template\"]",
      "instances": [
        {
          "schema_version": 0,
          "attributes": {
            "filename": null,
            "id": "e01d77fdbe53727ec214a23323b74f76f5d4fc9d7b4b2194ea861007ee9ac579",
            "rendered": "{\r\n  \"user\": \"user\",\r\n  \"password\": \"password\"\r\n}\r\n",
            "template": "{\r\n  \"user\": \"user\",\r\n  \"password\": \"password\"\r\n}\r\n",
            "vars": null
          },
          "sensitive_attributes": []
        }
      ]
    },
    {
      "mode": "managed",
      "type": "local_file",
      "name": "config_json",
      "provider": "provider[\"registry.terraform.io/hashicorp/local\"]",
      "instances": [
        {
          "schema_version": 0,
          "attributes": {
            "content": "{\r\n  \"user\": \"user\",\r\n  \"password\": \"password\"\r\n}\r\n",
            "content_base64": null,
            "content_base64sha256": "4B13/b5Tcn7CFKIzI7dPdvXU/J17SyGU6oYQB+6axXk=",
            "content_base64sha512": "LbGAnBdIeRLEg21RSWBm1mLb3WbqgtmLkTirkRe0rYMO0dryRiLH87Gg3s7TN9JWv1il8fGqvFRqEM6dyx2C4g==",
            "content_md5": "8d6aa28f2d230c573b2a04810568ef07",
            "content_sha1": "fb6cfe6fa6f2966970e932590aad52bc2fd378e3",
            "content_sha256": "e01d77fdbe53727ec214a23323b74f76f5d4fc9d7b4b2194ea861007ee9ac579",
            "content_sha512": "2db1809c17487912c4836d51496066d662dbdd66ea82d98b9138ab9117b4ad830ed1daf24622c7f3b1a0deced337d256bf58a5f1f1aabc546a10ce9dcb1d82e2",
            "directory_permission": "0777",
            "file_permission": "0777",
            "filename": "./config.json",
            "id": "fb6cfe6fa6f2966970e932590aad52bc2fd378e3",
            "sensitive_content": null,
            "source": null
          },
          "sensitive_attributes": [
            [
              {
                "type": "get_attr",
                "value": "sensitive_content"
              }
            ]
          ],
          "dependencies": [
            "data.template_file.config"
          ]
        }
      ]
    }
  ],
  "check_results": null
}
