{
  "version": 4,
  "terraform_version": "1.8.0",
  "serial": 3,
  "lineage": "5be58ffd-103a-f0c0-7aa8-c0f9d5998439",
  "outputs": {
    "password": {
      "value": "XXbWk#:O19mP",
      "type": "string",
      "sensitive": true
    }
  },
  "resources": [
    {
      "mode": "managed",
      "type": "random_password",
      "name": "secure_password",
      "provider": "provider[\"registry.terraform.io/hashicorp/random\"]",
      "instances": [
        {
          "schema_version": 3,
          "attributes": {
            "bcrypt_hash": "$2a$10$sPfHfxOkzjT2zR.DbOLCz.rQzzlq/xG9xqvuT4PaUXSyG5DA.3sv6",
            "id": "none",
            "keepers": null,
            "length": 12,
            "lower": true,
            "min_lower": 0,
            "min_numeric": 0,
            "min_special": 0,
            "min_upper": 0,
            "number": true,
            "numeric": true,
            "override_special": null,
            "result": "XXbWk#:O19mP",
            "special": true,
            "upper": true
          },
          "sensitive_attributes": [
            [
              {
                "type": "get_attr",
                "value": "result"
              }
            ],
            [
              {
                "type": "get_attr",
                "value": "bcrypt_hash"
              }
            ]
          ]
        }
      ]
    }
  ],
  "check_results": null
}
